
Microsoft Visual Studio Solution File, Format Version 12.00
# Visual Studio Version 17
VisualStudioVersion = 17.7.34024.191
MinimumVisualStudioVersion = 10.0.40219.1
Project("{9A19103F-16F7-4668-BE54-9A1E7A4F7556}") = "CodingWiki_Web", "CodingWiki_Web\CodingWiki_Web.csproj", "{9133AF07-267F-4038-8242-3E76007DDBE0}"
EndProject
Project("{9A19103F-16F7-4668-BE54-9A1E7A4F7556}") = "CodingWiki_DataAccess", "CodingWiki_DataAccess\CodingWiki_DataAccess.csproj", "{A8EFB71C-9643-49EB-AB08-8EC2C6AFDA9E}"
EndProject
Project("{9A19103F-16F7-4668-BE54-9A1E7A4F7556}") = "CodingWiki_Model", "CodingWiki_Model\CodingWiki_Model.csproj", "{15B5F110-E13D-4CD8-A811-4412DC2932DE}"
EndProject
Project("{FAE04EC0-301F-11D3-BF4B-00C04F79EFBC}") = "CodingWiki_Console", "CodingWiki_Console\CodingWiki_Console.csproj", "{586AA1D6-6E5A-41C9-B5FD-809E41F9284D}"
EndProject
Global
	GlobalSection(SolutionConfigurationPlatforms) = preSolution
		Debug|Any CPU = Debug|Any CPU
		Release|Any CPU = Release|Any CPU
	EndGlobalSection
	GlobalSection(ProjectConfigurationPlatforms) = postSolution
		{9133AF07-267F-4038-8242-3E76007DDBE0}.Debug|Any CPU.ActiveCfg = Debug|Any CPU
		{9133AF07-267F-4038-8242-3E76007DDBE0}.Debug|Any CPU.Build.0 = Debug|Any CPU
		{9133AF07-267F-4038-8242-3E76007DDBE0}.Release|Any CPU.ActiveCfg = Release|Any CPU
		{9133AF07-267F-4038-8242-3E76007DDBE0}.Release|Any CPU.Build.0 = Release|Any CPU
		{A8EFB71C-9643-49EB-AB08-8EC2C6AFDA9E}.Debug|Any CPU.ActiveCfg = Debug|Any CPU
		{A8EFB71C-9643-49EB-AB08-8EC2C6AFDA9E}.Debug|Any CPU.Build.0 = Debug|Any CPU
		{A8EFB71C-9643-49EB-AB08-8EC2C6AFDA9E}.Release|Any CPU.ActiveCfg = Release|Any CPU
		{A8EFB71C-9643-49EB-AB08-8EC2C6AFDA9E}.Release|Any CPU.Build.0 = Release|Any CPU
		{15B5F110-E13D-4CD8-A811-4412DC2932DE}.Debug|Any CPU.ActiveCfg = Debug|Any CPU
		{15B5F110-E13D-4CD8-A811-4412DC2932DE}.Debug|Any CPU.Build.0 = Debug|Any CPU
		{15B5F110-E13D-4CD8-A811-4412DC2932DE}.Release|Any CPU.ActiveCfg = Release|Any CPU
		{15B5F110-E13D-4CD8-A811-4412DC2932DE}.Release|Any CPU.Build.0 = Release|Any CPU
		{586AA1D6-6E5A-41C9-B5FD-809E41F9284D}.Debug|Any CPU.ActiveCfg = Debug|Any CPU
		{586AA1D6-6E5A-41C9-B5FD-809E41F9284D}.Debug|Any CPU.Build.0 = Debug|Any CPU
		{586AA1D6-6E5A-41C9-B5FD-809E41F9284D}.Release|Any CPU.ActiveCfg = Release|Any CPU
		{586AA1D6-6E5A-41C9-B5FD-809E41F9284D}.Release|Any CPU.Build.0 = Release|Any CPU
	EndGlobalSection
	GlobalSection(SolutionProperties) = preSolution
		HideSolutionNode = FALSE
	EndGlobalSection
	GlobalSection(ExtensibilityGlobals) = postSolution
		SolutionGuid = {8380D76B-5C52-4129-A8FF-51A13D4894CD}
	EndGlobalSection
EndGlobal
